
Microsoft Visual Studio Solution File, Format Version 11.00
# Visual Studio 2010
Project("{FAE04EC0-301F-11D3-BF4B-00C04F79EFBC}") = "Clipboard2Image", "Clipboard2Image\Clipboard2Image.csproj", "{4A177760-6D2D-46D2-BD30-94ACA8891131}"
EndProject
Project("{FAE04EC0-301F-11D3-BF4B-00C04F79EFBC}") = "c2i", "c2i\c2i.csproj", "{8F8B1349-77F1-45FE-939B-ED1779BE9442}"
EndProject
Global
	GlobalSection(SolutionConfigurationPlatforms) = preSolution
		Debug|Any CPU = Debug|Any CPU
		Release|Any CPU = Release|Any CPU
	EndGlobalSection
	GlobalSection(ProjectConfigurationPlatforms) = postSolution
		{4A177760-6D2D-46D2-BD30-94ACA8891131}.Debug|Any CPU.ActiveCfg = Debug|Any CPU
		{4A177760-6D2D-46D2-BD30-94ACA8891131}.Debug|Any CPU.Build.0 = Debug|Any CPU
		{4A177760-6D2D-46D2-BD30-94ACA8891131}.Release|Any CPU.ActiveCfg = Release|Any CPU
		{4A177760-6D2D-46D2-BD30-94ACA8891131}.Release|Any CPU.Build.0 = Release|Any CPU
		{8F8B1349-77F1-45FE-939B-ED1779BE9442}.Debug|Any CPU.ActiveCfg = Debug|Any CPU
		{8F8B1349-77F1-45FE-939B-ED1779BE9442}.Debug|Any CPU.Build.0 = Debug|Any CPU
		{8F8B1349-77F1-45FE-939B-ED1779BE9442}.Release|Any CPU.ActiveCfg = Release|Any CPU
		{8F8B1349-77F1-45FE-939B-ED1779BE9442}.Release|Any CPU.Build.0 = Release|Any CPU
	EndGlobalSection
	GlobalSection(SolutionProperties) = preSolution
		HideSolutionNode = FALSE
	EndGlobalSection
EndGlobal
